
Microsoft Visual Studio Solution File, Format Version 12.00
# Visual Studio Version 16
VisualStudioVersion = 16.0.29905.134
MinimumVisualStudioVersion = 10.0.40219.1
Project("{FAE04EC0-301F-11D3-BF4B-00C04F79EFBC}") = "AplicacionWeb", "AplicacionWeb\AplicacionWeb.csproj", "{473E0479-0A56-44D6-8B77-4FC84C77FDD5}"
EndProject
Project("{9A19103F-16F7-4668-BE54-9A1E7A4F7556}") = "Api", "Api\Api.csproj", "{12E30D6F-B3DC-49A1-918D-81FC8FA632EC}"
EndProject
Global
	GlobalSection(SolutionConfigurationPlatforms) = preSolution
		Debug|Any CPU = Debug|Any CPU
		Release|Any CPU = Release|Any CPU
	EndGlobalSection
	GlobalSection(ProjectConfigurationPlatforms) = postSolution
		{473E0479-0A56-44D6-8B77-4FC84C77FDD5}.Debug|Any CPU.ActiveCfg = Debug|Any CPU
		{473E0479-0A56-44D6-8B77-4FC84C77FDD5}.Debug|Any CPU.Build.0 = Debug|Any CPU
		{473E0479-0A56-44D6-8B77-4FC84C77FDD5}.Release|Any CPU.ActiveCfg = Release|Any CPU
		{473E0479-0A56-44D6-8B77-4FC84C77FDD5}.Release|Any CPU.Build.0 = Release|Any CPU
		{12E30D6F-B3DC-49A1-918D-81FC8FA632EC}.Debug|Any CPU.ActiveCfg = Debug|Any CPU
		{12E30D6F-B3DC-49A1-918D-81FC8FA632EC}.Debug|Any CPU.Build.0 = Debug|Any CPU
		{12E30D6F-B3DC-49A1-918D-81FC8FA632EC}.Release|Any CPU.ActiveCfg = Release|Any CPU
		{12E30D6F-B3DC-49A1-918D-81FC8FA632EC}.Release|Any CPU.Build.0 = Release|Any CPU
	EndGlobalSection
	GlobalSection(SolutionProperties) = preSolution
		HideSolutionNode = FALSE
	EndGlobalSection
	GlobalSection(ExtensibilityGlobals) = postSolution
		SolutionGuid = {572674AF-37BD-413A-A9D9-CB6C3F0AE8BD}
	EndGlobalSection
EndGlobal
